<?xml version="1.0" encoding="UTF-8" standalone="yes" ?>
<CodeBlocks_project_file>
	<FileVersion major="1" minor="6" />
	<Project>
		<Option title="CompilerFrameworkInCPP" />
		<Option pch_mode="2" />
		<Option compiler="gcc" />
		<Option virtualFolders="include\;" />
		<Build>
			<Target title="Debug">
				<Option output="bin/Debug/CompilerFrameworkInCPP" prefix_auto="1" extension_auto="1" />
				<Option working_dir="" />
				<Option object_output="obj/Debug/" />
				<Option type="2" />
				<Option compiler="gcc" />
				<Compiler>
					<Add option="-g" />
					<Add directory="include" />
				</Compiler>
			</Target>
			<Target title="Release">
				<Option output="bin/Release/CompilerFrameworkInCPP" prefix_auto="1" extension_auto="1" />
				<Option working_dir="" />
				<Option object_output="obj/Release/" />
				<Option type="2" />
				<Option compiler="gcc" />
				<Compiler>
					<Add option="-O2" />
					<Add directory="include" />
				</Compiler>
				<Linker>
					<Add option="-s" />
				</Linker>
			</Target>
		</Build>
		<Compiler>
			<Add option="-Wall" />
		</Compiler>
		<Unit filename="Lexer_test.hpp">
			<Option target="Debug" />
		</Unit>
		<Unit filename="NodeType.h" />
		<Unit filename="Parser_test.hpp">
			<Option target="Debug" />
		</Unit>
		<Unit filename="Ref.hpp" />
		<Unit filename="TokenType.h" />
		<Unit filename="cleancode.h">
			<Option virtualFolder="include/" />
		</Unit>
		<Unit filename="include/Lexer.hpp" />
		<Unit filename="include/Node.hpp" />
		<Unit filename="include/Parser.hpp" />
		<Unit filename="include/Scanner.hpp" />
		<Unit filename="include/Symbol.hpp" />
		<Unit filename="include/SyntaxTree.hpp" />
		<Unit filename="include/Token.hpp" />
		<Unit filename="include/TokenManager.hpp" />
		<Unit filename="mycompiler.cpp" />
		<Unit filename="src/Lexer.cpp" />
		<Unit filename="src/Node.cpp" />
		<Unit filename="src/Parser.cpp" />
		<Unit filename="src/Scanner.cpp" />
		<Unit filename="src/Symbol.cpp" />
		<Unit filename="src/SyntaxTree.cpp" />
		<Unit filename="src/Token.cpp" />
		<Unit filename="src/TokenManager.cpp" />
		<Extensions>
			<code_completion />
			<envvars />
			<debugger />
		</Extensions>
	</Project>
</CodeBlocks_project_file>
